// !$*UTF8*$!
{
	archiveVersion = 1;
	classes = {
	};
	objectVersion = 46;
	objects = {

/* Begin PBXBuildFile section */
		1FF26729197903C4009C876E /* Foundation.framework in Frameworks */ = {isa = PBXBuildFile; fileRef = 1FF26728197903C4009C876E /* Foundation.framework */; };
		1FF2672B197903C4009C876E /* CoreGraphics.framework in Frameworks */ = {isa = PBXBuildFile; fileRef = 1FF2672A197903C4009C876E /* CoreGraphics.framework */; };
		1FF2672D197903C4009C876E /* UIKit.framework in Frameworks */ = {isa = PBXBuildFile; fileRef = 1FF2672C197903C4009C876E /* UIKit.framework */; };
		1FF26733197903C4009C876E /* InfoPlist.strings in Resources */ = {isa = PBXBuildFile; fileRef = 1FF26731197903C4009C876E /* InfoPlist.strings */; };
		1FF26735197903C4009C876E /* main.m in Sources */ = {isa = PBXBuildFile; fileRef = 1FF26734197903C4009C876E /* main.m */; };
		1FF26739197903C4009C876E /* DWAppDelegate.m in Sources */ = {isa = PBXBuildFile; fileRef = 1FF26738197903C4009C876E /* DWAppDelegate.m */; };
		1FF2673C197903C4009C876E /* Main.storyboard in Resources */ = {isa = PBXBuildFile; fileRef = 1FF2673A197903C4009C876E /* Main.storyboard */; };
		1FF26741197903C4009C876E /* Images.xcassets in Resources */ = {isa = PBXBuildFile; fileRef = 1FF26740197903C4009C876E /* Images.xcassets */; };
		1FF26748197903C4009C876E /* XCTest.framework in Frameworks */ = {isa = PBXBuildFile; fileRef = 1FF26747197903C4009C876E /* XCTest.framework */; };
		1FF26749197903C4009C876E /* Foundation.framework in Frameworks */ = {isa = PBXBuildFile; fileRef = 1FF26728197903C4009C876E /* Foundation.framework */; };
		1FF2674A197903C4009C876E /* UIKit.framework in Frameworks */ = {isa = PBXBuildFile; fileRef = 1FF2672C197903C4009C876E /* UIKit.framework */; };
		1FF26752197903C4009C876E /* InfoPlist.strings in Resources */ = {isa = PBXBuildFile; fileRef = 1FF26750197903C4009C876E /* InfoPlist.strings */; };
		1FF26754197903C4009C876E /* UITableViewController_Challenge_SolutionTests.m in Sources */ = {isa = PBXBuildFile; fileRef = 1FF26753197903C4009C876E /* UITableViewController_Challenge_SolutionTests.m */; };
		1FF2675F1979057A009C876E /* DWTableViewController.m in Sources */ = {isa = PBXBuildFile; fileRef = 1FF2675E1979057A009C876E /* DWTableViewController.m */; };
/* End PBXBuildFile section */

/* Begin PBXContainerItemProxy section */
		1FF2674B197903C4009C876E /* PBXContainerItemProxy */ = {
			isa = PBXContainerItemProxy;
			containerPortal = 1FF2671D197903C4009C876E /* Project object */;
			proxyType = 1;
			remoteGlobalIDString = 1FF26724197903C4009C876E;
			remoteInfo = "UITableViewController Challenge Solution";
		};
/* End PBXContainerItemProxy section */

/* Begin PBXFileReference section */
		1FF26725197903C4009C876E /* UITableViewController Challenge Solution.app */ = {isa = PBXFileReference; explicitFileType = wrapper.application; includeInIndex = 0; path = "UITableViewController Challenge Solution.app"; sourceTree = BUILT_PRODUCTS_DIR; };
		1FF26728197903C4009C876E /* Foundation.framework */ = {isa = PBXFileReference; lastKnownFileType = wrapper.framework; name = Foundation.framework; path = System/Library/Frameworks/Foundation.framework; sourceTree = SDKROOT; };
		1FF2672A197903C4009C876E /* CoreGraphics.framework */ = {isa = PBXFileReference; lastKnownFileType = wrapper.framework; name = CoreGraphics.framework; path = System/Library/Frameworks/CoreGraphics.framework; sourceTree = SDKROOT; };
		1FF2672C197903C4009C876E /* UIKit.framework */ = {isa = PBXFileReference; lastKnownFileType = wrapper.framework; name = UIKit.framework; path = System/Library/Frameworks/UIKit.framework; sourceTree = SDKROOT; };
		1FF26730197903C4009C876E /* UITableViewController Challenge Solution-Info.plist */ = {isa = PBXFileReference; lastKnownFileType = text.plist.xml; path = "UITableViewController Challenge Solution-Info.plist"; sourceTree = "<group>"; };
		1FF26732197903C4009C876E /* en */ = {isa = PBXFileReference; lastKnownFileType = text.plist.strings; name = en; path = en.lproj/InfoPlist.strings; sourceTree = "<group>"; };
		1FF26734197903C4009C876E /* main.m */ = {isa = PBXFileReference; lastKnownFileType = sourcecode.c.objc; path = main.m; sourceTree = "<group>"; };
		1FF26736197903C4009C876E /* UITableViewController Challenge Solution-Prefix.pch */ = {isa = PBXFileReference; lastKnownFileType = sourcecode.c.h; path = "UITableViewController Challenge Solution-Prefix.pch"; sourceTree = "<group>"; };
		1FF26737197903C4009C876E /* DWAppDelegate.h */ = {isa = PBXFileReference; lastKnownFileType = sourcecode.c.h; path = DWAppDelegate.h; sourceTree = "<group>"; };
		1FF26738197903C4009C876E /* DWAppDelegate.m */ = {isa = PBXFileReference; lastKnownFileType = sourcecode.c.objc; path = DWAppDelegate.m; sourceTree = "<group>"; };
		1FF2673B197903C4009C876E /* Base */ = {isa = PBXFileReference; lastKnownFileType = file.storyboard; name = Base; path = Base.lproj/Main.storyboard; sourceTree = "<group>"; };
		1FF26740197903C4009C876E /* Images.xcassets */ = {isa = PBXFileReference; lastKnownFileType = folder.assetcatalog; path = Images.xcassets; sourceTree = "<group>"; };
		1FF26746197903C4009C876E /* UITableViewController Challenge SolutionTests.xctest */ = {isa = PBXFileReference; explicitFileType = wrapper.cfbundle; includeInIndex = 0; path = "UITableViewController Challenge SolutionTests.xctest"; sourceTree = BUILT_PRODUCTS_DIR; };
		1FF26747197903C4009C876E /* XCTest.framework */ = {isa = PBXFileReference; lastKnownFileType = wrapper.framework; name = XCTest.framework; path = Library/Frameworks/XCTest.framework; sourceTree = DEVELOPER_DIR; };
		1FF2674F197903C4009C876E /* UITableViewController Challenge SolutionTests-Info.plist */ = {isa = PBXFileReference; lastKnownFileType = text.plist.xml; path = "UITableViewController Challenge SolutionTests-Info.plist"; sourceTree = "<group>"; };
		1FF26751197903C4009C876E /* en */ = {isa = PBXFileReference; lastKnownFileType = text.plist.strings; name = en; path = en.lproj/InfoPlist.strings; sourceTree = "<group>"; };
		1FF26753197903C4009C876E /* UITableViewController_Challenge_SolutionTests.m */ = {isa = PBXFileReference; lastKnownFileType = sourcecode.c.objc; path = UITableViewController_Challenge_SolutionTests.m; sourceTree = "<group>"; };
		1FF2675D1979057A009C876E /* DWTableViewController.h */ = {isa = PBXFileReference; fileEncoding = 4; lastKnownFileType = sourcecode.c.h; path = DWTableViewController.h; sourceTree = "<group>"; };
		1FF2675E1979057A009C876E /* DWTableViewController.m */ = {isa = PBXFileReference; fileEncoding = 4; lastKnownFileType = sourcecode.c.objc; path = DWTableViewController.m; sourceTree = "<group>"; };
/* End PBXFileReference section */

/* Begin PBXFrameworksBuildPhase section */
		1FF26722197903C4009C876E /* Frameworks */ = {
			isa = PBXFrameworksBuildPhase;
			buildActionMask = 2147483647;
			files = (
				1FF2672B197903C4009C876E /* CoreGraphics.framework in Frameworks */,
				1FF2672D197903C4009C876E /* UIKit.framework in Frameworks */,
				1FF26729197903C4009C876E /* Foundation.framework in Frameworks */,
			);
			runOnlyForDeploymentPostprocessing = 0;
		};
		1FF26743197903C4009C876E /* Frameworks */ = {
			isa = PBXFrameworksBuildPhase;
			buildActionMask = 2147483647;
			files = (
				1FF26748197903C4009C876E /* XCTest.framework in Frameworks */,
				1FF2674A197903C4009C876E /* UIKit.framework in Frameworks */,
				1FF26749197903C4009C876E /* Foundation.framework in Frameworks */,
			);
			runOnlyForDeploymentPostprocessing = 0;
		};
/* End PBXFrameworksBuildPhase section */

/* Begin PBXGroup section */
		1FF2671C197903C4009C876E = {
			isa = PBXGroup;
			children = (
				1FF2672E197903C4009C876E /* UITableViewController Challenge Solution */,
				1FF2674D197903C4009C876E /* UITableViewController Challenge SolutionTests */,
				1FF26727197903C4009C876E /* Frameworks */,
				1FF26726197903C4009C876E /* Products */,
			);
			sourceTree = "<group>";
		};
		1FF26726197903C4009C876E /* Products */ = {
			isa = PBXGroup;
			children = (
				1FF26725197903C4009C876E /* UITableViewController Challenge Solution.app */,
				1FF26746197903C4009C876E /* UITableViewController Challenge SolutionTests.xctest */,
			);
			name = Products;
			sourceTree = "<group>";
		};
		1FF26727197903C4009C876E /* Frameworks */ = {
			isa = PBXGroup;
			children = (
				1FF26728197903C4009C876E /* Foundation.framework */,
				1FF2672A197903C4009C876E /* CoreGraphics.framework */,
				1FF2672C197903C4009C876E /* UIKit.framework */,
				1FF26747197903C4009C876E /* XCTest.framework */,
			);
			name = Frameworks;
			sourceTree = "<group>";
		};
		1FF2672E197903C4009C876E /* UITableViewController Challenge Solution */ = {
			isa = PBXGroup;
			children = (
				1FF26737197903C4009C876E /* DWAppDelegate.h */,
				1FF26738197903C4009C876E /* DWAppDelegate.m */,
				1FF2673A197903C4009C876E /* Main.storyboard */,
				1FF2675D1979057A009C876E /* DWTableViewController.h */,
				1FF2675E1979057A009C876E /* DWTableViewController.m */,
				1FF26740197903C4009C876E /* Images.xcassets */,
				1FF2672F197903C4009C876E /* Supporting Files */,
			);
			path = "UITableViewController Challenge Solution";
			sourceTree = "<group>";
		};
		1FF2672F197903C4009C876E /* Supporting Files */ = {
			isa = PBXGroup;
			children = (
				1FF26730197903C4009C876E /* UITableViewController Challenge Solution-Info.plist */,
				1FF26731197903C4009C876E /* InfoPlist.strings */,
				1FF26734197903C4009C876E /* main.m */,
				1FF26736197903C4009C876E /* UITableViewController Challenge Solution-Prefix.pch */,
			);
			name = "Supporting Files";
			sourceTree = "<group>";
		};
		1FF2674D197903C4009C876E /* UITableViewController Challenge SolutionTests */ = {
			isa = PBXGroup;
			children = (
				1FF26753197903C4009C876E /* UITableViewController_Challenge_SolutionTests.m */,
				1FF2674E197903C4009C876E /* Supporting Files */,
			);
			path = "UITableViewController Challenge SolutionTests";
			sourceTree = "<group>";
		};
		1FF2674E197903C4009C876E /* Supporting Files */ = {
			isa = PBXGroup;
			children = (
				1FF2674F197903C4009C876E /* UITableViewController Challenge SolutionTests-Info.plist */,
				1FF26750197903C4009C876E /* InfoPlist.strings */,
			);
			name = "Supporting Files";
			sourceTree = "<group>";
		};
/* End PBXGroup section */

/* Begin PBXNativeTarget section */
		1FF26724197903C4009C876E /* UITableViewController Challenge Solution */ = {
			isa = PBXNativeTarget;
			buildConfigurationList = 1FF26757197903C4009C876E /* Build configuration list for PBXNativeTarget "UITableViewController Challenge Solution" */;
			buildPhases = (
				1FF26721197903C4009C876E /* Sources */,
				1FF26722197903C4009C876E /* Frameworks */,
				1FF26723197903C4009C876E /* Resources */,
			);
			buildRules = (
			);
			dependencies = (
			);
			name = "UITableViewController Challenge Solution";
			productName = "UITableViewController Challenge Solution";
			productReference = 1FF26725197903C4009C876E /* UITableViewController Challenge Solution.app */;
			productType = "com.apple.product-type.application";
		};
		1FF26745197903C4009C876E /* UITableViewController Challenge SolutionTests */ = {
			isa = PBXNativeTarget;
			buildConfigurationList = 1FF2675A197903C4009C876E /* Build configuration list for PBXNativeTarget "UITableViewController Challenge SolutionTests" */;
			buildPhases = (
				1FF26742197903C4009C876E /* Sources */,
				1FF26743197903C4009C876E /* Frameworks */,
				1FF26744197903C4009C876E /* Resources */,
			);
			buildRules = (
			);
			dependencies = (
				1FF2674C197903C4009C876E /* PBXTargetDependency */,
			);
			name = "UITableViewController Challenge SolutionTests";
			productName = "UITableViewController Challenge SolutionTests";
			productReference = 1FF26746197903C4009C876E /* UITableViewController Challenge SolutionTests.xctest */;
			productType = "com.apple.product-type.bundle.unit-test";
		};
/* End PBXNativeTarget section */

/* Begin PBXProject section */
		1FF2671D197903C4009C876E /* Project object */ = {
			isa = PBXProject;
			attributes = {
				CLASSPREFIX = DW;
				LastUpgradeCheck = 0510;
				ORGANIZATIONNAME = weitivate;
				TargetAttributes = {
					1FF26745197903C4009C876E = {
						TestTargetID = 1FF26724197903C4009C876E;
					};
				};
			};
			buildConfigurationList = 1FF26720197903C4009C876E /* Build configuration list for PBXProject "UITableViewController Challenge Solution" */;
			compatibilityVersion = "Xcode 3.2";
			developmentRegion = English;
			hasScannedForEncodings = 0;
			knownRegions = (
				en,
				Base,
			);
			mainGroup = 1FF2671C197903C4009C876E;
			productRefGroup = 1FF26726197903C4009C876E /* Products */;
			projectDirPath = "";
			projectRoot = "";
			targets = (
				1FF26724197903C4009C876E /* UITableViewController Challenge Solution */,
				1FF26745197903C4009C876E /* UITableViewController Challenge SolutionTests */,
			);
		};
/* End PBXProject section */

/* Begin PBXResourcesBuildPhase section */
		1FF26723197903C4009C876E /* Resources */ = {
			isa = PBXResourcesBuildPhase;
			buildActionMask = 2147483647;
			files = (
				1FF26741197903C4009C876E /* Images.xcassets in Resources */,
				1FF26733197903C4009C876E /* InfoPlist.strings in Resources */,
				1FF2673C197903C4009C876E /* Main.storyboard in Resources */,
			);
			runOnlyForDeploymentPostprocessing = 0;
		};
		1FF26744197903C4009C876E /* Resources */ = {
			isa = PBXResourcesBuildPhase;
			buildActionMask = 2147483647;
			files = (
				1FF26752197903C4009C876E /* InfoPlist.strings in Resources */,
			);
			runOnlyForDeploymentPostprocessing = 0;
		};
/* End PBXResourcesBuildPhase section */

/* Begin PBXSourcesBuildPhase section */
		1FF26721197903C4009C876E /* Sources */ = {
			isa = PBXSourcesBuildPhase;
			buildActionMask = 2147483647;
			files = (
				1FF26735197903C4009C876E /* main.m in Sources */,
				1FF26739197903C4009C876E /* DWAppDelegate.m in Sources */,
				1FF2675F1979057A009C876E /* DWTableViewController.m in Sources */,
			);
			runOnlyForDeploymentPostprocessing = 0;
		};
		1FF26742197903C4009C876E /* Sources */ = {
			isa = PBXSourcesBuildPhase;
			buildActionMask = 2147483647;
			files = (
				1FF26754197903C4009C876E /* UITableViewController_Challenge_SolutionTests.m in Sources */,
			);
			runOnlyForDeploymentPostprocessing = 0;
		};
/* End PBXSourcesBuildPhase section */

/* Begin PBXTargetDependency section */
		1FF2674C197903C4009C876E /* PBXTargetDependency */ = {
			isa = PBXTargetDependency;
			target = 1FF26724197903C4009C876E /* UITableViewController Challenge Solution */;
			targetProxy = 1FF2674B197903C4009C876E /* PBXContainerItemProxy */;
		};
/* End PBXTargetDependency section */

/* Begin PBXVariantGroup section */
		1FF26731197903C4009C876E /* InfoPlist.strings */ = {
			isa = PBXVariantGroup;
			children = (
				1FF26732197903C4009C876E /* en */,
			);
			name = InfoPlist.strings;
			sourceTree = "<group>";
		};
		1FF2673A197903C4009C876E /* Main.storyboard */ = {
			isa = PBXVariantGroup;
			children = (
				1FF2673B197903C4009C876E /* Base */,
			);
			name = Main.storyboard;
			sourceTree = "<group>";
		};
		1FF26750197903C4009C876E /* InfoPlist.strings */ = {
			isa = PBXVariantGroup;
			children = (
				1FF26751197903C4009C876E /* en */,
			);
			name = InfoPlist.strings;
			sourceTree = "<group>";
		};
/* End PBXVariantGroup section */

/* Begin XCBuildConfiguration section */
		1FF26755197903C4009C876E /* Debug */ = {
			isa = XCBuildConfiguration;
			buildSettings = {
				ALWAYS_SEARCH_USER_PATHS = NO;
				CLANG_CXX_LANGUAGE_STANDARD = "gnu++0x";
				CLANG_CXX_LIBRARY = "libc++";
				CLANG_ENABLE_MODULES = YES;
				CLANG_ENABLE_OBJC_ARC = YES;
				CLANG_WARN_BOOL_CONVERSION = YES;
				CLANG_WARN_CONSTANT_CONVERSION = YES;
				CLANG_WARN_DIRECT_OBJC_ISA_USAGE = YES_ERROR;
				CLANG_WARN_EMPTY_BODY = YES;
				CLANG_WARN_ENUM_CONVERSION = YES;
				CLANG_WARN_INT_CONVERSION = YES;
				CLANG_WARN_OBJC_ROOT_CLASS = YES_ERROR;
				CLANG_WARN__DUPLICATE_METHOD_MATCH = YES;
				"CODE_SIGN_IDENTITY[sdk=iphoneos*]" = "iPhone Developer";
				COPY_PHASE_STRIP = NO;
				GCC_C_LANGUAGE_STANDARD = gnu99;
				GCC_DYNAMIC_NO_PIC = NO;
				GCC_OPTIMIZATION_LEVEL = 0;
				GCC_PREPROCESSOR_DEFINITIONS = (
					"DEBUG=1",
					"$(inherited)",
				);
				GCC_SYMBOLS_PRIVATE_EXTERN = NO;
				GCC_WARN_64_TO_32_BIT_CONVERSION = YES;
				GCC_WARN_ABOUT_RETURN_TYPE = YES_ERROR;
				GCC_WARN_UNDECLARED_SELECTOR = YES;
				GCC_WARN_UNINITIALIZED_AUTOS = YES_AGGRESSIVE;
				GCC_WARN_UNUSED_FUNCTION = YES;
				GCC_WARN_UNUSED_VARIABLE = YES;
				IPHONEOS_DEPLOYMENT_TARGET = 7.1;
				ONLY_ACTIVE_ARCH = YES;
				SDKROOT = iphoneos;
			};
			name = Debug;
		};
		1FF26756197903C4009C876E /* Release */ = {
			isa = XCBuildConfiguration;
			buildSettings = {
				ALWAYS_SEARCH_USER_PATHS = NO;
				CLANG_CXX_LANGUAGE_STANDARD = "gnu++0x";
				CLANG_CXX_LIBRARY = "libc++";
				CLANG_ENABLE_MODULES = YES;
				CLANG_ENABLE_OBJC_ARC = YES;
				CLANG_WARN_BOOL_CONVERSION = YES;
				CLANG_WARN_CONSTANT_CONVERSION = YES;
				CLANG_WARN_DIRECT_OBJC_ISA_USAGE = YES_ERROR;
				CLANG_WARN_EMPTY_BODY = YES;
				CLANG_WARN_ENUM_CONVERSION = YES;
				CLANG_WARN_INT_CONVERSION = YES;
				CLANG_WARN_OBJC_ROOT_CLASS = YES_ERROR;
				CLANG_WARN__DUPLICATE_METHOD_MATCH = YES;
				"CODE_SIGN_IDENTITY[sdk=iphoneos*]" = "iPhone Developer";
				COPY_PHASE_STRIP = YES;
				ENABLE_NS_ASSERTIONS = NO;
				GCC_C_LANGUAGE_STANDARD = gnu99;
				GCC_WARN_64_TO_32_BIT_CONVERSION = YES;
				GCC_WARN_ABOUT_RETURN_TYPE = YES_ERROR;
				GCC_WARN_UNDECLARED_SELECTOR = YES;
				GCC_WARN_UNINITIALIZED_AUTOS = YES_AGGRESSIVE;
				GCC_WARN_UNUSED_FUNCTION = YES;
				GCC_WARN_UNUSED_VARIABLE = YES;
				IPHONEOS_DEPLOYMENT_TARGET = 7.1;
				SDKROOT = iphoneos;
				VALIDATE_PRODUCT = YES;
			};
			name = Release;
		};
		1FF26758197903C4009C876E /* Debug */ = {
			isa = XCBuildConfiguration;
			buildSettings = {
				ASSETCATALOG_COMPILER_APPICON_NAME = AppIcon;
				ASSETCATALOG_COMPILER_LAUNCHIMAGE_NAME = LaunchImage;
				GCC_PRECOMPILE_PREFIX_HEADER = YES;
				GCC_PREFIX_HEADER = "UITableViewController Challenge Solution/UITableViewController Challenge Solution-Prefix.pch";
				INFOPLIST_FILE = "UITableViewController Challenge Solution/UITableViewController Challenge Solution-Info.plist";
				PRODUCT_NAME = "$(TARGET_NAME)";
				WRAPPER_EXTENSION = app;
			};
			name = Debug;
		};
		1FF26759197903C4009C876E /* Release */ = {
			isa = XCBuildConfiguration;
			buildSettings = {
				ASSETCATALOG_COMPILER_APPICON_NAME = AppIcon;
				ASSETCATALOG_COMPILER_LAUNCHIMAGE_NAME = LaunchImage;
				GCC_PRECOMPILE_PREFIX_HEADER = YES;
				GCC_PREFIX_HEADER = "UITableViewController Challenge Solution/UITableViewController Challenge Solution-Prefix.pch";
				INFOPLIST_FILE = "UITableViewController Challenge Solution/UITableViewController Challenge Solution-Info.plist";
				PRODUCT_NAME = "$(TARGET_NAME)";
				WRAPPER_EXTENSION = app;
			};
			name = Release;
		};
		1FF2675B197903C4009C876E /* Debug */ = {
			isa = XCBuildConfiguration;
			buildSettings = {
				BUNDLE_LOADER = "$(BUILT_PRODUCTS_DIR)/UITableViewController Challenge Solution.app/UITableViewController Challenge Solution";
				FRAMEWORK_SEARCH_PATHS = (
					"$(SDKROOT)/Developer/Library/Frameworks",
					"$(inherited)",
					"$(DEVELOPER_FRAMEWORKS_DIR)",
				);
				GCC_PRECOMPILE_PREFIX_HEADER = YES;
				GCC_PREFIX_HEADER = "UITableViewController Challenge Solution/UITableViewController Challenge Solution-Prefix.pch";
				GCC_PREPROCESSOR_DEFINITIONS = (
					"DEBUG=1",
					"$(inherited)",
				);
				INFOPLIST_FILE = "UITableViewController Challenge SolutionTests/UITableViewController Challenge SolutionTests-Info.plist";
				PRODUCT_NAME = "$(TARGET_NAME)";
				TEST_HOST = "$(BUNDLE_LOADER)";
				WRAPPER_EXTENSION = xctest;
			};
			name = Debug;
		};
		1FF2675C197903C4009C876E /* Release */ = {
			isa = XCBuildConfiguration;
			buildSettings = {
				BUNDLE_LOADER = "$(BUILT_PRODUCTS_DIR)/UITableViewController Challenge Solution.app/UITableViewController Challenge Solution";
				FRAMEWORK_SEARCH_PATHS = (
					"$(SDKROOT)/Developer/Library/Frameworks",
					"$(inherited)",
					"$(DEVELOPER_FRAMEWORKS_DIR)",
				);
				GCC_PRECOMPILE_PREFIX_HEADER = YES;
				GCC_PREFIX_HEADER = "UITableViewController Challenge Solution/UITableViewController Challenge Solution-Prefix.pch";
				INFOPLIST_FILE = "UITableViewController Challenge SolutionTests/UITableViewController Challenge SolutionTests-Info.plist";
				PRODUCT_NAME = "$(TARGET_NAME)";
				TEST_HOST = "$(BUNDLE_LOADER)";
				WRAPPER_EXTENSION = xctest;
			};
			name = Release;
		};
/* End XCBuildConfiguration section */

/* Begin XCConfigurationList section */
		1FF26720197903C4009C876E /* Build configuration list for PBXProject "UITableViewController Challenge Solution" */ = {
			isa = XCConfigurationList;
			buildConfigurations = (
				1FF26755197903C4009C876E /* Debug */,
				1FF26756197903C4009C876E /* Release */,
			);
			defaultConfigurationIsVisible = 0;
			defaultConfigurationName = Release;
		};
		1FF26757197903C4009C876E /* Build configuration list for PBXNativeTarget "UITableViewController Challenge Solution" */ = {
			isa = XCConfigurationList;
			buildConfigurations = (
				1FF26758197903C4009C876E /* Debug */,
				1FF26759197903C4009C876E /* Release */,
			);
			defaultConfigurationIsVisible = 0;
		};
		1FF2675A197903C4009C876E /* Build configuration list for PBXNativeTarget "UITableViewController Challenge SolutionTests" */ = {
			isa = XCConfigurationList;
			buildConfigurations = (
				1FF2675B197903C4009C876E /* Debug */,
				1FF2675C197903C4009C876E /* Release */,
			);
			defaultConfigurationIsVisible = 0;
		};
/* End XCConfigurationList section */
	};
	rootObject = 1FF2671D197903C4009C876E /* Project object */;
}
